
Microsoft Visual Studio Solution File, Format Version 12.00
# Visual Studio Version 17
VisualStudioVersion = 17.13.35828.75
MinimumVisualStudioVersion = 10.0.40219.1
Project("{FAE04EC0-301F-11D3-BF4B-00C04F79EFBC}") = "Learn.EFCore.Core", "src\Learn.EFCore.Core\Learn.EFCore.Core.csproj", "{1A8CE44B-7C92-4701-AE32-B1EF1DC9BC7D}"
EndProject
Project("{FAE04EC0-301F-11D3-BF4B-00C04F79EFBC}") = "Learn.EFCore.Console", "src\Learn.EFCore.Console\Learn.EFCore.Console.csproj", "{95CA8425-F024-426A-B6A2-68EA214FECC7}"
EndProject
Project("{FAE04EC0-301F-11D3-BF4B-00C04F79EFBC}") = "Learn.EFCore.Infrastucture", "src\Learn.EFCore.Infrastucture\Learn.EFCore.Infrastucture.csproj", "{821E3A30-49F3-4981-AEDF-188E505405B1}"
EndProject
Project("{FAE04EC0-301F-11D3-BF4B-00C04F79EFBC}") = "Learn.EFCore.Application", "src\Learn.EFCore.Application\Learn.EFCore.Application.csproj", "{F2045E42-550C-4BCF-9B93-357BC77BF81D}"
EndProject
Global
	GlobalSection(SolutionConfigurationPlatforms) = preSolution
		Debug|Any CPU = Debug|Any CPU
		Release|Any CPU = Release|Any CPU
	EndGlobalSection
	GlobalSection(ProjectConfigurationPlatforms) = postSolution
		{1A8CE44B-7C92-4701-AE32-B1EF1DC9BC7D}.Debug|Any CPU.ActiveCfg = Debug|Any CPU
		{1A8CE44B-7C92-4701-AE32-B1EF1DC9BC7D}.Debug|Any CPU.Build.0 = Debug|Any CPU
		{1A8CE44B-7C92-4701-AE32-B1EF1DC9BC7D}.Release|Any CPU.ActiveCfg = Release|Any CPU
		{1A8CE44B-7C92-4701-AE32-B1EF1DC9BC7D}.Release|Any CPU.Build.0 = Release|Any CPU
		{95CA8425-F024-426A-B6A2-68EA214FECC7}.Debug|Any CPU.ActiveCfg = Debug|Any CPU
		{95CA8425-F024-426A-B6A2-68EA214FECC7}.Debug|Any CPU.Build.0 = Debug|Any CPU
		{95CA8425-F024-426A-B6A2-68EA214FECC7}.Release|Any CPU.ActiveCfg = Release|Any CPU
		{95CA8425-F024-426A-B6A2-68EA214FECC7}.Release|Any CPU.Build.0 = Release|Any CPU
		{821E3A30-49F3-4981-AEDF-188E505405B1}.Debug|Any CPU.ActiveCfg = Debug|Any CPU
		{821E3A30-49F3-4981-AEDF-188E505405B1}.Debug|Any CPU.Build.0 = Debug|Any CPU
		{821E3A30-49F3-4981-AEDF-188E505405B1}.Release|Any CPU.ActiveCfg = Release|Any CPU
		{821E3A30-49F3-4981-AEDF-188E505405B1}.Release|Any CPU.Build.0 = Release|Any CPU
		{F2045E42-550C-4BCF-9B93-357BC77BF81D}.Debug|Any CPU.ActiveCfg = Debug|Any CPU
		{F2045E42-550C-4BCF-9B93-357BC77BF81D}.Debug|Any CPU.Build.0 = Debug|Any CPU
		{F2045E42-550C-4BCF-9B93-357BC77BF81D}.Release|Any CPU.ActiveCfg = Release|Any CPU
		{F2045E42-550C-4BCF-9B93-357BC77BF81D}.Release|Any CPU.Build.0 = Release|Any CPU
	EndGlobalSection
	GlobalSection(SolutionProperties) = preSolution
		HideSolutionNode = FALSE
	EndGlobalSection
	GlobalSection(ExtensibilityGlobals) = postSolution
		SolutionGuid = {3ABE28A3-F22A-4D1C-B18A-F7E79DEB3263}
	EndGlobalSection
EndGlobal
